
Microsoft Visual Studio Solution File, Format Version 12.00
# Visual Studio Version 17
VisualStudioVersion = 17.8.34330.188
MinimumVisualStudioVersion = 10.0.40219.1
Project("{FAE04EC0-301F-11D3-BF4B-00C04F79EFBC}") = "coursework", "coursework\coursework.csproj", "{4726699F-5C25-4AF9-AC15-B1F8EFCEA5BC}"
EndProject
Global
	GlobalSection(SolutionConfigurationPlatforms) = preSolution
		Debug|Any CPU = Debug|Any CPU
		Release|Any CPU = Release|Any CPU
	EndGlobalSection
	GlobalSection(ProjectConfigurationPlatforms) = postSolution
		{4726699F-5C25-4AF9-AC15-B1F8EFCEA5BC}.Debug|Any CPU.ActiveCfg = Debug|Any CPU
		{4726699F-5C25-4AF9-AC15-B1F8EFCEA5BC}.Debug|Any CPU.Build.0 = Debug|Any CPU
		{4726699F-5C25-4AF9-AC15-B1F8EFCEA5BC}.Release|Any CPU.ActiveCfg = Release|Any CPU
		{4726699F-5C25-4AF9-AC15-B1F8EFCEA5BC}.Release|Any CPU.Build.0 = Release|Any CPU
	EndGlobalSection
	GlobalSection(SolutionProperties) = preSolution
		HideSolutionNode = FALSE
	EndGlobalSection
	GlobalSection(ExtensibilityGlobals) = postSolution
		SolutionGuid = {DF2EE7F5-93F5-4271-B153-0E25BBDEDA9D}
	EndGlobalSection
EndGlobal
